github.com/seandlg/netstring v1.0.0 h1:aYOIllX7FEOj6rIwVLO6xNubBR91ttqLWeO7AaHNm+Q=
github.com/seandlg/netstring v1.0.0/go.mod h1:t5+W0CzkrZsVPIkr7xpSn1tHP1aDgEQq+kesqCXFg/o=
golang.org/x/exp v0.0.0-20221019170559-20944726eadf h1:nFVjjKDgNY37+ZSYCJmtYf7tOlfQswHqplG2eosjOMg=
golang.org/x/exp v0.0.0-20221019170559-20944726eadf/go.mod h1:cyybsKvd6eL0RnXn6p/Grxp8F5bW7iYuBgsNCOHpMYE=
golang.org/x/net v0.5.0 h1:GyT4nK/YDHSqa1c4753ouYCDajOYKTja9Xb/OHtgvSw=
golang.org/x/net v0.5.0/go.mod h1:DivGGAXEgPSlEBzxGzZI+ZLohi+xUj054jfeKui00ws=
